// !$*UTF8*$!
{
	archiveVersion = 1;
	classes = {
	};
	objectVersion = 55;
	objects = {

/* Begin PBXBuildFile section */
		010753CA4D39C33E0D69783B /* Pods_GitMarkSample.framework in Frameworks */ = {isa = PBXBuildFile; fileRef = A560AFC1471D8D013A29059C /* Pods_GitMarkSample.framework */; };
		24D2D72D73475C533581A684 /* Pods_GitMarkSampleTests.framework in Frameworks */ = {isa = PBXBuildFile; fileRef = 3AEBFA116FDFFFC79C83EA19 /* Pods_GitMarkSampleTests.framework */; };
		BF3FAFCB281B90EB00E2FE15 /* AppDelegate.swift in Sources */ = {isa = PBXBuildFile; fileRef = BF3FAFCA281B90EB00E2FE15 /* AppDelegate.swift */; };
		BF3FAFCD281B90EB00E2FE15 /* SceneDelegate.swift in Sources */ = {isa = PBXBuildFile; fileRef = BF3FAFCC281B90EB00E2FE15 /* SceneDelegate.swift */; };
		BF3FAFD4281B90ED00E2FE15 /* Assets.xcassets in Resources */ = {isa = PBXBuildFile; fileRef = BF3FAFD3281B90ED00E2FE15 /* Assets.xcassets */; };
		BF3FAFD7281B90ED00E2FE15 /* LaunchScreen.storyboard in Resources */ = {isa = PBXBuildFile; fileRef = BF3FAFD5281B90ED00E2FE15 /* LaunchScreen.storyboard */; };
		BF3FAFE5281B96B200E2FE15 /* GitMarkSampleTests.swift in Sources */ = {isa = PBXBuildFile; fileRef = BF3FAFE4281B96B200E2FE15 /* GitMarkSampleTests.swift */; };
		BF3FAFF7281B9A7D00E2FE15 /* SearchViewController.swift in Sources */ = {isa = PBXBuildFile; fileRef = BF3FAFF6281B9A7D00E2FE15 /* SearchViewController.swift */; };
		BF3FAFF9281B9A9E00E2FE15 /* SearchViewModel.swift in Sources */ = {isa = PBXBuildFile; fileRef = BF3FAFF8281B9A9E00E2FE15 /* SearchViewModel.swift */; };
		BF3FAFFB281B9AB000E2FE15 /* BookmarksViewController.swift in Sources */ = {isa = PBXBuildFile; fileRef = BF3FAFFA281B9AB000E2FE15 /* BookmarksViewController.swift */; };
		BF3FAFFD281B9AB600E2FE15 /* BookmarksViewModel.swift in Sources */ = {isa = PBXBuildFile; fileRef = BF3FAFFC281B9AB600E2FE15 /* BookmarksViewModel.swift */; };
		BF3FAFFF281B9CB200E2FE15 /* APIRouter.swift in Sources */ = {isa = PBXBuildFile; fileRef = BF3FAFFE281B9CB200E2FE15 /* APIRouter.swift */; };
		BF3FB001281B9CD600E2FE15 /* ManagerProvider.swift in Sources */ = {isa = PBXBuildFile; fileRef = BF3FB000281B9CD600E2FE15 /* ManagerProvider.swift */; };
		BF3FB003281B9CE700E2FE15 /* ManagedContext.swift in Sources */ = {isa = PBXBuildFile; fileRef = BF3FB002281B9CE700E2FE15 /* ManagedContext.swift */; };
		BF3FB005281B9CF000E2FE15 /* CacheManager.swift in Sources */ = {isa = PBXBuildFile; fileRef = BF3FB004281B9CF000E2FE15 /* CacheManager.swift */; };
		BF3FB007281B9CF900E2FE15 /* ServiceProvider.swift in Sources */ = {isa = PBXBuildFile; fileRef = BF3FB006281B9CF900E2FE15 /* ServiceProvider.swift */; };
		BF3FB009281B9D0100E2FE15 /* NetworkService.swift in Sources */ = {isa = PBXBuildFile; fileRef = BF3FB008281B9D0100E2FE15 /* NetworkService.swift */; };
		BF3FB00B281B9D0800E2FE15 /* CoreDataService.swift in Sources */ = {isa = PBXBuildFile; fileRef = BF3FB00A281B9D0800E2FE15 /* CoreDataService.swift */; };
		BF3FB00D281B9D0F00E2FE15 /* ImageService.swift in Sources */ = {isa = PBXBuildFile; fileRef = BF3FB00C281B9D0F00E2FE15 /* ImageService.swift */; };
		BF3FB010281B9D4D00E2FE15 /* GitMarkSample.xcdatamodeld in Sources */ = {isa = PBXBuildFile; fileRef = BF3FB00E281B9D4D00E2FE15 /* GitMarkSample.xcdatamodeld */; };
		BF3FB013281B9DA200E2FE15 /* UserListTbCell.swift in Sources */ = {isa = PBXBuildFile; fileRef = BF3FB012281B9DA200E2FE15 /* UserListTbCell.swift */; };
		BF3FB015281B9DD700E2FE15 /* SearchResponseModel.swift in Sources */ = {isa = PBXBuildFile; fileRef = BF3FB014281B9DD700E2FE15 /* SearchResponseModel.swift */; };
		BFAB4B15281CD5EE00194FFF /* UITableView+Extension.swift in Sources */ = {isa = PBXBuildFile; fileRef = BFAB4B14281CD5EE00194FFF /* UITableView+Extension.swift */; };
		BFAB4B2B281CED5000194FFF /* CellConfigType.swift in Sources */ = {isa = PBXBuildFile; fileRef = BFAB4B2A281CED5000194FFF /* CellConfigType.swift */; };
		BFAB4B2D281CED8F00194FFF /* UserListTbCellVM.swift in Sources */ = {isa = PBXBuildFile; fileRef = BFAB4B2C281CED8F00194FFF /* UserListTbCellVM.swift */; };
		BFAB4B31281CEDE600194FFF /* AnimatableButton.swift in Sources */ = {isa = PBXBuildFile; fileRef = BFAB4B30281CEDE600194FFF /* AnimatableButton.swift */; };
		BFAB4B35281CEE1D00194FFF /* UserItemModel.swift in Sources */ = {isa = PBXBuildFile; fileRef = BFAB4B34281CEE1D00194FFF /* UserItemModel.swift */; };
		BFAB4B37281CEE2300194FFF /* UserInfoModel.swift in Sources */ = {isa = PBXBuildFile; fileRef = BFAB4B36281CEE2300194FFF /* UserInfoModel.swift */; };
		BFAB4B3A281CF02900194FFF /* UserItem+CoreDataProperties.swift in Sources */ = {isa = PBXBuildFile; fileRef = BFAB4B38281CF02900194FFF /* UserItem+CoreDataProperties.swift */; };
		BFAB4B3B281CF02900194FFF /* UserItem+CoreDataClass.swift in Sources */ = {isa = PBXBuildFile; fileRef = BFAB4B39281CF02900194FFF /* UserItem+CoreDataClass.swift */; };
/* End PBXBuildFile section */

/* Begin PBXContainerItemProxy section */
		BF3FAFE6281B96B200E2FE15 /* PBXContainerItemProxy */ = {
			isa = PBXContainerItemProxy;
			containerPortal = BF3FAFBF281B90EB00E2FE15 /* Project object */;
			proxyType = 1;
			remoteGlobalIDString = BF3FAFC6281B90EB00E2FE15;
			remoteInfo = GitMarkSample;
		};
/* End PBXContainerItemProxy section */

/* Begin PBXFileReference section */
		02D0B5F243C7200B75BBF090 /* Pods-GitMarkSample.debug.xcconfig */ = {isa = PBXFileReference; includeInIndex = 1; lastKnownFileType = text.xcconfig; name = "Pods-GitMarkSample.debug.xcconfig"; path = "Target Support Files/Pods-GitMarkSample/Pods-GitMarkSample.debug.xcconfig"; sourceTree = "<group>"; };
		04DBA27191D519D2ABC09870 /* Pods-GitMarkSample.release.xcconfig */ = {isa = PBXFileReference; includeInIndex = 1; lastKnownFileType = text.xcconfig; name = "Pods-GitMarkSample.release.xcconfig"; path = "Target Support Files/Pods-GitMarkSample/Pods-GitMarkSample.release.xcconfig"; sourceTree = "<group>"; };
		3AEBFA116FDFFFC79C83EA19 /* Pods_GitMarkSampleTests.framework */ = {isa = PBXFileReference; explicitFileType = wrapper.framework; includeInIndex = 0; path = Pods_GitMarkSampleTests.framework; sourceTree = BUILT_PRODUCTS_DIR; };
		82D92F1B0B3A1CC67CC48782 /* Pods-GitMarkSampleTests.debug.xcconfig */ = {isa = PBXFileReference; includeInIndex = 1; lastKnownFileType = text.xcconfig; name = "Pods-GitMarkSampleTests.debug.xcconfig"; path = "Target Support Files/Pods-GitMarkSampleTests/Pods-GitMarkSampleTests.debug.xcconfig"; sourceTree = "<group>"; };
		A560AFC1471D8D013A29059C /* Pods_GitMarkSample.framework */ = {isa = PBXFileReference; explicitFileType = wrapper.framework; includeInIndex = 0; path = Pods_GitMarkSample.framework; sourceTree = BUILT_PRODUCTS_DIR; };
		B8F0BC052E1DB09889E80630 /* Pods-GitMarkSampleTests.release.xcconfig */ = {isa = PBXFileReference; includeInIndex = 1; lastKnownFileType = text.xcconfig; name = "Pods-GitMarkSampleTests.release.xcconfig"; path = "Target Support Files/Pods-GitMarkSampleTests/Pods-GitMarkSampleTests.release.xcconfig"; sourceTree = "<group>"; };
		BF3FAFC7281B90EB00E2FE15 /* GitMarkSample.app */ = {isa = PBXFileReference; explicitFileType = wrapper.application; includeInIndex = 0; path = GitMarkSample.app; sourceTree = BUILT_PRODUCTS_DIR; };
		BF3FAFCA281B90EB00E2FE15 /* AppDelegate.swift */ = {isa = PBXFileReference; lastKnownFileType = sourcecode.swift; path = AppDelegate.swift; sourceTree = "<group>"; };
		BF3FAFCC281B90EB00E2FE15 /* SceneDelegate.swift */ = {isa = PBXFileReference; lastKnownFileType = sourcecode.swift; path = SceneDelegate.swift; sourceTree = "<group>"; };
		BF3FAFD3281B90ED00E2FE15 /* Assets.xcassets */ = {isa = PBXFileReference; lastKnownFileType = folder.assetcatalog; path = Assets.xcassets; sourceTree = "<group>"; };
		BF3FAFD6281B90ED00E2FE15 /* Base */ = {isa = PBXFileReference; lastKnownFileType = file.storyboard; name = Base; path = Base.lproj/LaunchScreen.storyboard; sourceTree = "<group>"; };
		BF3FAFD8281B90ED00E2FE15 /* Info.plist */ = {isa = PBXFileReference; lastKnownFileType = text.plist.xml; path = Info.plist; sourceTree = "<group>"; };
		BF3FAFE2281B96B200E2FE15 /* GitMarkSampleTests.xctest */ = {isa = PBXFileReference; explicitFileType = wrapper.cfbundle; includeInIndex = 0; path = GitMarkSampleTests.xctest; sourceTree = BUILT_PRODUCTS_DIR; };
		BF3FAFE4281B96B200E2FE15 /* GitMarkSampleTests.swift */ = {isa = PBXFileReference; lastKnownFileType = sourcecode.swift; path = GitMarkSampleTests.swift; sourceTree = "<group>"; };
		BF3FAFF6281B9A7D00E2FE15 /* SearchViewController.swift */ = {isa = PBXFileReference; lastKnownFileType = sourcecode.swift; path = SearchViewController.swift; sourceTree = "<group>"; };
		BF3FAFF8281B9A9E00E2FE15 /* SearchViewModel.swift */ = {isa = PBXFileReference; lastKnownFileType = sourcecode.swift; path = SearchViewModel.swift; sourceTree = "<group>"; };
		BF3FAFFA281B9AB000E2FE15 /* BookmarksViewController.swift */ = {isa = PBXFileReference; lastKnownFileType = sourcecode.swift; path = BookmarksViewController.swift; sourceTree = "<group>"; };
		BF3FAFFC281B9AB600E2FE15 /* BookmarksViewModel.swift */ = {isa = PBXFileReference; lastKnownFileType = sourcecode.swift; path = BookmarksViewModel.swift; sourceTree = "<group>"; };
		BF3FAFFE281B9CB200E2FE15 /* APIRouter.swift */ = {isa = PBXFileReference; lastKnownFileType = sourcecode.swift; path = APIRouter.swift; sourceTree = "<group>"; };
		BF3FB000281B9CD600E2FE15 /* ManagerProvider.swift */ = {isa = PBXFileReference; lastKnownFileType = sourcecode.swift; path = ManagerProvider.swift; sourceTree = "<group>"; };
		BF3FB002281B9CE700E2FE15 /* ManagedContext.swift */ = {isa = PBXFileReference; lastKnownFileType = sourcecode.swift; path = ManagedContext.swift; sourceTree = "<group>"; };
		BF3FB004281B9CF000E2FE15 /* CacheManager.swift */ = {isa = PBXFileReference; lastKnownFileType = sourcecode.swift; path = CacheManager.swift; sourceTree = "<group>"; };
		BF3FB006281B9CF900E2FE15 /* ServiceProvider.swift */ = {isa = PBXFileReference; lastKnownFileType = sourcecode.swift; path = ServiceProvider.swift; sourceTree = "<group>"; };
		BF3FB008281B9D0100E2FE15 /* NetworkService.swift */ = {isa = PBXFileReference; lastKnownFileType = sourcecode.swift; path = NetworkService.swift; sourceTree = "<group>"; };
		BF3FB00A281B9D0800E2FE15 /* CoreDataService.swift */ = {isa = PBXFileReference; lastKnownFileType = sourcecode.swift; path = CoreDataService.swift; sourceTree = "<group>"; };
		BF3FB00C281B9D0F00E2FE15 /* ImageService.swift */ = {isa = PBXFileReference; lastKnownFileType = sourcecode.swift; path = ImageService.swift; sourceTree = "<group>"; };
		BF3FB00F281B9D4D00E2FE15 /* GitMarkSample.xcdatamodel */ = {isa = PBXFileReference; lastKnownFileType = wrapper.xcdatamodel; path = GitMarkSample.xcdatamodel; sourceTree = "<group>"; };
		BF3FB012281B9DA200E2FE15 /* UserListTbCell.swift */ = {isa = PBXFileReference; lastKnownFileType = sourcecode.swift; path = UserListTbCell.swift; sourceTree = "<group>"; };
		BF3FB014281B9DD700E2FE15 /* SearchResponseModel.swift */ = {isa = PBXFileReference; lastKnownFileType = sourcecode.swift; path = SearchResponseModel.swift; sourceTree = "<group>"; };
		BFAB4B14281CD5EE00194FFF /* UITableView+Extension.swift */ = {isa = PBXFileReference; lastKnownFileType = sourcecode.swift; path = "UITableView+Extension.swift"; sourceTree = "<group>"; };
		BFAB4B2A281CED5000194FFF /* CellConfigType.swift */ = {isa = PBXFileReference; lastKnownFileType = sourcecode.swift; path = CellConfigType.swift; sourceTree = "<group>"; };
		BFAB4B2C281CED8F00194FFF /* UserListTbCellVM.swift */ = {isa = PBXFileReference; lastKnownFileType = sourcecode.swift; path = UserListTbCellVM.swift; sourceTree = "<group>"; };
		BFAB4B30281CEDE600194FFF /* AnimatableButton.swift */ = {isa = PBXFileReference; lastKnownFileType = sourcecode.swift; path = AnimatableButton.swift; sourceTree = "<group>"; };
		BFAB4B34281CEE1D00194FFF /* UserItemModel.swift */ = {isa = PBXFileReference; lastKnownFileType = sourcecode.swift; path = UserItemModel.swift; sourceTree = "<group>"; };
		BFAB4B36281CEE2300194FFF /* UserInfoModel.swift */ = {isa = PBXFileReference; lastKnownFileType = sourcecode.swift; path = UserInfoModel.swift; sourceTree = "<group>"; };
		BFAB4B38281CF02900194FFF /* UserItem+CoreDataProperties.swift */ = {isa = PBXFileReference; fileEncoding = 4; lastKnownFileType = sourcecode.swift; path = "UserItem+CoreDataProperties.swift"; sourceTree = "<group>"; };
		BFAB4B39281CF02900194FFF /* UserItem+CoreDataClass.swift */ = {isa = PBXFileReference; fileEncoding = 4; lastKnownFileType = sourcecode.swift; path = "UserItem+CoreDataClass.swift"; sourceTree = "<group>"; };
/* End PBXFileReference section */

/* Begin PBXFrameworksBuildPhase section */
		BF3FAFC4281B90EB00E2FE15 /* Frameworks */ = {
			isa = PBXFrameworksBuildPhase;
			buildActionMask = 2147483647;
			files = (
				010753CA4D39C33E0D69783B /* Pods_GitMarkSample.framework in Frameworks */,
			);
			runOnlyForDeploymentPostprocessing = 0;
		};
		BF3FAFDF281B96B200E2FE15 /* Frameworks */ = {
			isa = PBXFrameworksBuildPhase;
			buildActionMask = 2147483647;
			files = (
				24D2D72D73475C533581A684 /* Pods_GitMarkSampleTests.framework in Frameworks */,
			);
			runOnlyForDeploymentPostprocessing = 0;
		};
/* End PBXFrameworksBuildPhase section */

/* Begin PBXGroup section */
		0BD2DEBFE976BCE30F936C8C /* Pods */ = {
			isa = PBXGroup;
			children = (
				02D0B5F243C7200B75BBF090 /* Pods-GitMarkSample.debug.xcconfig */,
				04DBA27191D519D2ABC09870 /* Pods-GitMarkSample.release.xcconfig */,
				82D92F1B0B3A1CC67CC48782 /* Pods-GitMarkSampleTests.debug.xcconfig */,
				B8F0BC052E1DB09889E80630 /* Pods-GitMarkSampleTests.release.xcconfig */,
			);
			path = Pods;
			sourceTree = "<group>";
		};
		BF3FAFBE281B90EB00E2FE15 = {
			isa = PBXGroup;
			children = (
				BF3FAFC9281B90EB00E2FE15 /* GitMarkSample */,
				BF3FAFE3281B96B200E2FE15 /* GitMarkSampleTests */,
				BF3FAFC8281B90EB00E2FE15 /* Products */,
				0BD2DEBFE976BCE30F936C8C /* Pods */,
				F6E28288B31714A13E0F4F44 /* Frameworks */,
			);
			sourceTree = "<group>";
		};
		BF3FAFC8281B90EB00E2FE15 /* Products */ = {
			isa = PBXGroup;
			children = (
				BF3FAFC7281B90EB00E2FE15 /* GitMarkSample.app */,
				BF3FAFE2281B96B200E2FE15 /* GitMarkSampleTests.xctest */,
			);
			name = Products;
			sourceTree = "<group>";
		};
		BF3FAFC9281B90EB00E2FE15 /* GitMarkSample */ = {
			isa = PBXGroup;
			children = (
				BFAB4B13281CD5D700194FFF /* Extensions */,
				BF3FAFF0281B99A600E2FE15 /* Utilities */,
				BF3FAFEF281B99A100E2FE15 /* Services */,
				BF3FAFEE281B999800E2FE15 /* Managers */,
				BF3FAFEC281B999100E2FE15 /* Screens */,
				BF3FAFED281B999400E2FE15 /* AppStart */,
				BF3FAFEB281B998B00E2FE15 /* Resources */,
				BF3FAFD8281B90ED00E2FE15 /* Info.plist */,
			);
			path = GitMarkSample;
			sourceTree = "<group>";
		};
		BF3FAFE3281B96B200E2FE15 /* GitMarkSampleTests */ = {
			isa = PBXGroup;
			children = (
				BF3FAFE4281B96B200E2FE15 /* GitMarkSampleTests.swift */,
			);
			path = GitMarkSampleTests;
			sourceTree = "<group>";
		};
		BF3FAFEB281B998B00E2FE15 /* Resources */ = {
			isa = PBXGroup;
			children = (
				BF3FAFF2281B99B400E2FE15 /* Models */,
				BF3FAFF1281B99B200E2FE15 /* Views */,
				BF3FAFD3281B90ED00E2FE15 /* Assets.xcassets */,
				BF3FAFD5281B90ED00E2FE15 /* LaunchScreen.storyboard */,
				BF3FB00E281B9D4D00E2FE15 /* GitMarkSample.xcdatamodeld */,
			);
			path = Resources;
			sourceTree = "<group>";
		};
		BF3FAFEC281B999100E2FE15 /* Screens */ = {
			isa = PBXGroup;
			children = (
				BF3FAFF4281B9A6300E2FE15 /* Bookmarks */,
				BF3FAFF3281B9A6000E2FE15 /* Search */,
			);
			path = Screens;
			sourceTree = "<group>";
		};
		BF3FAFED281B999400E2FE15 /* AppStart */ = {
			isa = PBXGroup;
			children = (
				BF3FAFCA281B90EB00E2FE15 /* AppDelegate.swift */,
				BF3FAFCC281B90EB00E2FE15 /* SceneDelegate.swift */,
			);
			path = AppStart;
			sourceTree = "<group>";
		};
		BF3FAFEE281B999800E2FE15 /* Managers */ = {
			isa = PBXGroup;
			children = (
				BF3FB000281B9CD600E2FE15 /* ManagerProvider.swift */,
				BF3FB002281B9CE700E2FE15 /* ManagedContext.swift */,
				BF3FB004281B9CF000E2FE15 /* CacheManager.swift */,
			);
			path = Managers;
			sourceTree = "<group>";
		};
		BF3FAFEF281B99A100E2FE15 /* Services */ = {
			isa = PBXGroup;
			children = (
				BF3FB006281B9CF900E2FE15 /* ServiceProvider.swift */,
				BF3FB008281B9D0100E2FE15 /* NetworkService.swift */,
				BF3FB00A281B9D0800E2FE15 /* CoreDataService.swift */,
				BF3FB00C281B9D0F00E2FE15 /* ImageService.swift */,
			);
			path = Services;
			sourceTree = "<group>";
		};
		BF3FAFF0281B99A600E2FE15 /* Utilities */ = {
			isa = PBXGroup;
			children = (
				BF3FAFFE281B9CB200E2FE15 /* APIRouter.swift */,
			);
			path = Utilities;
			sourceTree = "<group>";
		};
		BF3FAFF1281B99B200E2FE15 /* Views */ = {
			isa = PBXGroup;
			children = (
				BFAB4B2F281CEDAB00194FFF /* CustomViews */,
				BF3FB011281B9D7F00E2FE15 /* TableCells */,
			);
			path = Views;
			sourceTree = "<group>";
		};
		BF3FAFF2281B99B400E2FE15 /* Models */ = {
			isa = PBXGroup;
			children = (
				BFAB4B33281CEE0E00194FFF /* CodableModels */,
				BFAB4B32281CEE0400194FFF /* CoreDataModels */,
			);
			path = Models;
			sourceTree = "<group>";
		};
		BF3FAFF3281B9A6000E2FE15 /* Search */ = {
			isa = PBXGroup;
			children = (
				BF3FAFF6281B9A7D00E2FE15 /* SearchViewController.swift */,
				BF3FAFF8281B9A9E00E2FE15 /* SearchViewModel.swift */,
			);
			path = Search;
			sourceTree = "<group>";
		};
		BF3FAFF4281B9A6300E2FE15 /* Bookmarks */ = {
			isa = PBXGroup;
			children = (
				BF3FAFFA281B9AB000E2FE15 /* BookmarksViewController.swift */,
				BF3FAFFC281B9AB600E2FE15 /* BookmarksViewModel.swift */,
			);
			path = Bookmarks;
			sourceTree = "<group>";
		};
		BF3FB011281B9D7F00E2FE15 /* TableCells */ = {
			isa = PBXGroup;
			children = (
				BFAB4B2A281CED5000194FFF /* CellConfigType.swift */,
				BFAB4B2E281CED9200194FFF /* UserListTbCell */,
			);
			path = TableCells;
			sourceTree = "<group>";
		};
		BFAB4B13281CD5D700194FFF /* Extensions */ = {
			isa = PBXGroup;
			children = (
				BFAB4B14281CD5EE00194FFF /* UITableView+Extension.swift */,
			);
			path = Extensions;
			sourceTree = "<group>";
		};
		BFAB4B2E281CED9200194FFF /* UserListTbCell */ = {
			isa = PBXGroup;
			children = (
				BF3FB012281B9DA200E2FE15 /* UserListTbCell.swift */,
				BFAB4B2C281CED8F00194FFF /* UserListTbCellVM.swift */,
			);
			path = UserListTbCell;
			sourceTree = "<group>";
		};
		BFAB4B2F281CEDAB00194FFF /* CustomViews */ = {
			isa = PBXGroup;
			children = (
				BFAB4B30281CEDE600194FFF /* AnimatableButton.swift */,
			);
			path = CustomViews;
			sourceTree = "<group>";
		};
		BFAB4B32281CEE0400194FFF /* CoreDataModels */ = {
			isa = PBXGroup;
			children = (
				BFAB4B39281CF02900194FFF /* UserItem+CoreDataClass.swift */,
				BFAB4B38281CF02900194FFF /* UserItem+CoreDataProperties.swift */,
			);
			path = CoreDataModels;
			sourceTree = "<group>";
		};
		BFAB4B33281CEE0E00194FFF /* CodableModels */ = {
			isa = PBXGroup;
			children = (
				BF3FB014281B9DD700E2FE15 /* SearchResponseModel.swift */,
				BFAB4B34281CEE1D00194FFF /* UserItemModel.swift */,
				BFAB4B36281CEE2300194FFF /* UserInfoModel.swift */,
			);
			path = CodableModels;
			sourceTree = "<group>";
		};
		F6E28288B31714A13E0F4F44 /* Frameworks */ = {
			isa = PBXGroup;
			children = (
				A560AFC1471D8D013A29059C /* Pods_GitMarkSample.framework */,
				3AEBFA116FDFFFC79C83EA19 /* Pods_GitMarkSampleTests.framework */,
			);
			name = Frameworks;
			sourceTree = "<group>";
		};
/* End PBXGroup section */

/* Begin PBXNativeTarget section */
		BF3FAFC6281B90EB00E2FE15 /* GitMarkSample */ = {
			isa = PBXNativeTarget;
			buildConfigurationList = BF3FAFDB281B90ED00E2FE15 /* Build configuration list for PBXNativeTarget "GitMarkSample" */;
			buildPhases = (
				0D4642691B2BD1733D21810B /* [CP] Check Pods Manifest.lock */,
				BF3FAFC3281B90EB00E2FE15 /* Sources */,
				BF3FAFC4281B90EB00E2FE15 /* Frameworks */,
				BF3FAFC5281B90EB00E2FE15 /* Resources */,
				F203D6F11A2C7F06830F95C8 /* [CP] Embed Pods Frameworks */,
			);
			buildRules = (
			);
			dependencies = (
			);
			name = GitMarkSample;
			productName = GitMarkSample;
			productReference = BF3FAFC7281B90EB00E2FE15 /* GitMarkSample.app */;
			productType = "com.apple.product-type.application";
		};
		BF3FAFE1281B96B200E2FE15 /* GitMarkSampleTests */ = {
			isa = PBXNativeTarget;
			buildConfigurationList = BF3FAFE8281B96B200E2FE15 /* Build configuration list for PBXNativeTarget "GitMarkSampleTests" */;
			buildPhases = (
				97B18A510259992A280A1061 /* [CP] Check Pods Manifest.lock */,
				BF3FAFDE281B96B200E2FE15 /* Sources */,
				BF3FAFDF281B96B200E2FE15 /* Frameworks */,
				BF3FAFE0281B96B200E2FE15 /* Resources */,
				78696D9DAF03C7CEFC24BCBF /* [CP] Embed Pods Frameworks */,
			);
			buildRules = (
			);
			dependencies = (
				BF3FAFE7281B96B200E2FE15 /* PBXTargetDependency */,
			);
			name = GitMarkSampleTests;
			productName = GitMarkSampleTests;
			productReference = BF3FAFE2281B96B200E2FE15 /* GitMarkSampleTests.xctest */;
			productType = "com.apple.product-type.bundle.unit-test";
		};
/* End PBXNativeTarget section */

/* Begin PBXProject section */
		BF3FAFBF281B90EB00E2FE15 /* Project object */ = {
			isa = PBXProject;
			attributes = {
				BuildIndependentTargetsInParallel = 1;
				LastSwiftUpdateCheck = 1330;
				LastUpgradeCheck = 1330;
				TargetAttributes = {
					BF3FAFC6281B90EB00E2FE15 = {
						CreatedOnToolsVersion = 13.3;
					};
					BF3FAFE1281B96B200E2FE15 = {
						CreatedOnToolsVersion = 13.3;
						TestTargetID = BF3FAFC6281B90EB00E2FE15;
					};
				};
			};
			buildConfigurationList = BF3FAFC2281B90EB00E2FE15 /* Build configuration list for PBXProject "GitMarkSample" */;
			compatibilityVersion = "Xcode 13.0";
			developmentRegion = en;
			hasScannedForEncodings = 0;
			knownRegions = (
				en,
				Base,
			);
			mainGroup = BF3FAFBE281B90EB00E2FE15;
			productRefGroup = BF3FAFC8281B90EB00E2FE15 /* Products */;
			projectDirPath = "";
			projectRoot = "";
			targets = (
				BF3FAFC6281B90EB00E2FE15 /* GitMarkSample */,
				BF3FAFE1281B96B200E2FE15 /* GitMarkSampleTests */,
			);
		};
/* End PBXProject section */

/* Begin PBXResourcesBuildPhase section */
		BF3FAFC5281B90EB00E2FE15 /* Resources */ = {
			isa = PBXResourcesBuildPhase;
			buildActionMask = 2147483647;
			files = (
				BF3FAFD7281B90ED00E2FE15 /* LaunchScreen.storyboard in Resources */,
				BF3FAFD4281B90ED00E2FE15 /* Assets.xcassets in Resources */,
			);
			runOnlyForDeploymentPostprocessing = 0;
		};
		BF3FAFE0281B96B200E2FE15 /* Resources */ = {
			isa = PBXResourcesBuildPhase;
			buildActionMask = 2147483647;
			files = (
			);
			runOnlyForDeploymentPostprocessing = 0;
		};
/* End PBXResourcesBuildPhase section */

/* Begin PBXShellScriptBuildPhase section */
		0D4642691B2BD1733D21810B /* [CP] Check Pods Manifest.lock */ = {
			isa = PBXShellScriptBuildPhase;
			buildActionMask = 2147483647;
			files = (
			);
			inputFileListPaths = (
			);
			inputPaths = (
				"${PODS_PODFILE_DIR_PATH}/Podfile.lock",
				"${PODS_ROOT}/Manifest.lock",
			);
			name = "[CP] Check Pods Manifest.lock";
			outputFileListPaths = (
			);
			outputPaths = (
				"$(DERIVED_FILE_DIR)/Pods-GitMarkSample-checkManifestLockResult.txt",
			);
			runOnlyForDeploymentPostprocessing = 0;
			shellPath = /bin/sh;
			shellScript = "diff \"${PODS_PODFILE_DIR_PATH}/Podfile.lock\" \"${PODS_ROOT}/Manifest.lock\" > /dev/null\nif [ $? != 0 ] ; then\n    # print error to STDERR\n    echo \"error: The sandbox is not in sync with the Podfile.lock. Run 'pod install' or update your CocoaPods installation.\" >&2\n    exit 1\nfi\n# This output is used by Xcode 'outputs' to avoid re-running this script phase.\necho \"SUCCESS\" > \"${SCRIPT_OUTPUT_FILE_0}\"\n";
			showEnvVarsInLog = 0;
		};
		78696D9DAF03C7CEFC24BCBF /* [CP] Embed Pods Frameworks */ = {
			isa = PBXShellScriptBuildPhase;
			buildActionMask = 2147483647;
			files = (
			);
			inputFileListPaths = (
				"${PODS_ROOT}/Target Support Files/Pods-GitMarkSampleTests/Pods-GitMarkSampleTests-frameworks-${CONFIGURATION}-input-files.xcfilelist",
			);
			name = "[CP] Embed Pods Frameworks";
			outputFileListPaths = (
				"${PODS_ROOT}/Target Support Files/Pods-GitMarkSampleTests/Pods-GitMarkSampleTests-frameworks-${CONFIGURATION}-output-files.xcfilelist",
			);
			runOnlyForDeploymentPostprocessing = 0;
			shellPath = /bin/sh;
			shellScript = "\"${PODS_ROOT}/Target Support Files/Pods-GitMarkSampleTests/Pods-GitMarkSampleTests-frameworks.sh\"\n";
			showEnvVarsInLog = 0;
		};
		97B18A510259992A280A1061 /* [CP] Check Pods Manifest.lock */ = {
			isa = PBXShellScriptBuildPhase;
			buildActionMask = 2147483647;
			files = (
			);
			inputFileListPaths = (
			);
			inputPaths = (
				"${PODS_PODFILE_DIR_PATH}/Podfile.lock",
				"${PODS_ROOT}/Manifest.lock",
			);
			name = "[CP] Check Pods Manifest.lock";
			outputFileListPaths = (
			);
			outputPaths = (
				"$(DERIVED_FILE_DIR)/Pods-GitMarkSampleTests-checkManifestLockResult.txt",
			);
			runOnlyForDeploymentPostprocessing = 0;
			shellPath = /bin/sh;
			shellScript = "diff \"${PODS_PODFILE_DIR_PATH}/Podfile.lock\" \"${PODS_ROOT}/Manifest.lock\" > /dev/null\nif [ $? != 0 ] ; then\n    # print error to STDERR\n    echo \"error: The sandbox is not in sync with the Podfile.lock. Run 'pod install' or update your CocoaPods installation.\" >&2\n    exit 1\nfi\n# This output is used by Xcode 'outputs' to avoid re-running this script phase.\necho \"SUCCESS\" > \"${SCRIPT_OUTPUT_FILE_0}\"\n";
			showEnvVarsInLog = 0;
		};
		F203D6F11A2C7F06830F95C8 /* [CP] Embed Pods Frameworks */ = {
			isa = PBXShellScriptBuildPhase;
			buildActionMask = 2147483647;
			files = (
			);
			inputFileListPaths = (
				"${PODS_ROOT}/Target Support Files/Pods-GitMarkSample/Pods-GitMarkSample-frameworks-${CONFIGURATION}-input-files.xcfilelist",
			);
			name = "[CP] Embed Pods Frameworks";
			outputFileListPaths = (
				"${PODS_ROOT}/Target Support Files/Pods-GitMarkSample/Pods-GitMarkSample-frameworks-${CONFIGURATION}-output-files.xcfilelist",
			);
			runOnlyForDeploymentPostprocessing = 0;
			shellPath = /bin/sh;
			shellScript = "\"${PODS_ROOT}/Target Support Files/Pods-GitMarkSample/Pods-GitMarkSample-frameworks.sh\"\n";
			showEnvVarsInLog = 0;
		};
/* End PBXShellScriptBuildPhase section */

/* Begin PBXSourcesBuildPhase section */
		BF3FAFC3281B90EB00E2FE15 /* Sources */ = {
			isa = PBXSourcesBuildPhase;
			buildActionMask = 2147483647;
			files = (
				BF3FB013281B9DA200E2FE15 /* UserListTbCell.swift in Sources */,
				BF3FAFFB281B9AB000E2FE15 /* BookmarksViewController.swift in Sources */,
				BF3FB00B281B9D0800E2FE15 /* CoreDataService.swift in Sources */,
				BFAB4B37281CEE2300194FFF /* UserInfoModel.swift in Sources */,
				BF3FAFF7281B9A7D00E2FE15 /* SearchViewController.swift in Sources */,
				BFAB4B3B281CF02900194FFF /* UserItem+CoreDataClass.swift in Sources */,
				BF3FAFFD281B9AB600E2FE15 /* BookmarksViewModel.swift in Sources */,
				BF3FB003281B9CE700E2FE15 /* ManagedContext.swift in Sources */,
				BFAB4B3A281CF02900194FFF /* UserItem+CoreDataProperties.swift in Sources */,
				BF3FAFCB281B90EB00E2FE15 /* AppDelegate.swift in Sources */,
				BF3FAFF9281B9A9E00E2FE15 /* SearchViewModel.swift in Sources */,
				BF3FB010281B9D4D00E2FE15 /* GitMarkSample.xcdatamodeld in Sources */,
				BF3FB005281B9CF000E2FE15 /* CacheManager.swift in Sources */,
				BF3FB001281B9CD600E2FE15 /* ManagerProvider.swift in Sources */,
				BFAB4B15281CD5EE00194FFF /* UITableView+Extension.swift in Sources */,
				BF3FAFCD281B90EB00E2FE15 /* SceneDelegate.swift in Sources */,
				BF3FB007281B9CF900E2FE15 /* ServiceProvider.swift in Sources */,
				BFAB4B2D281CED8F00194FFF /* UserListTbCellVM.swift in Sources */,
				BFAB4B2B281CED5000194FFF /* CellConfigType.swift in Sources */,
				BF3FB015281B9DD700E2FE15 /* SearchResponseModel.swift in Sources */,
				BF3FB009281B9D0100E2FE15 /* NetworkService.swift in Sources */,
				BFAB4B31281CEDE600194FFF /* AnimatableButton.swift in Sources */,
				BF3FAFFF281B9CB200E2FE15 /* APIRouter.swift in Sources */,
				BFAB4B35281CEE1D00194FFF /* UserItemModel.swift in Sources */,
				BF3FB00D281B9D0F00E2FE15 /* ImageService.swift in Sources */,
			);
			runOnlyForDeploymentPostprocessing = 0;
		};
		BF3FAFDE281B96B200E2FE15 /* Sources */ = {
			isa = PBXSourcesBuildPhase;
			buildActionMask = 2147483647;
			files = (
				BF3FAFE5281B96B200E2FE15 /* GitMarkSampleTests.swift in Sources */,
			);
			runOnlyForDeploymentPostprocessing = 0;
		};
/* End PBXSourcesBuildPhase section */

/* Begin PBXTargetDependency section */
		BF3FAFE7281B96B200E2FE15 /* PBXTargetDependency */ = {
			isa = PBXTargetDependency;
			target = BF3FAFC6281B90EB00E2FE15 /* GitMarkSample */;
			targetProxy = BF3FAFE6281B96B200E2FE15 /* PBXContainerItemProxy */;
		};
/* End PBXTargetDependency section */

/* Begin PBXVariantGroup section */
		BF3FAFD5281B90ED00E2FE15 /* LaunchScreen.storyboard */ = {
			isa = PBXVariantGroup;
			children = (
				BF3FAFD6281B90ED00E2FE15 /* Base */,
			);
			name = LaunchScreen.storyboard;
			sourceTree = "<group>";
		};
/* End PBXVariantGroup section */

/* Begin XCBuildConfiguration section */
		BF3FAFD9281B90ED00E2FE15 /* Debug */ = {
			isa = XCBuildConfiguration;
			buildSettings = {
				ALWAYS_SEARCH_USER_PATHS = NO;
				CLANG_ANALYZER_NONNULL = YES;
				CLANG_ANALYZER_NUMBER_OBJECT_CONVERSION = YES_AGGRESSIVE;
				CLANG_CXX_LANGUAGE_STANDARD = "gnu++17";
				CLANG_ENABLE_MODULES = YES;
				CLANG_ENABLE_OBJC_ARC = YES;
				CLANG_ENABLE_OBJC_WEAK = YES;
				CLANG_WARN_BLOCK_CAPTURE_AUTORELEASING = YES;
				CLANG_WARN_BOOL_CONVERSION = YES;
				CLANG_WARN_COMMA = YES;
				CLANG_WARN_CONSTANT_CONVERSION = YES;
				CLANG_WARN_DEPRECATED_OBJC_IMPLEMENTATIONS = YES;
				CLANG_WARN_DIRECT_OBJC_ISA_USAGE = YES_ERROR;
				CLANG_WARN_DOCUMENTATION_COMMENTS = YES;
				CLANG_WARN_EMPTY_BODY = YES;
				CLANG_WARN_ENUM_CONVERSION = YES;
				CLANG_WARN_INFINITE_RECURSION = YES;
				CLANG_WARN_INT_CONVERSION = YES;
				CLANG_WARN_NON_LITERAL_NULL_CONVERSION = YES;
				CLANG_WARN_OBJC_IMPLICIT_RETAIN_SELF = YES;
				CLANG_WARN_OBJC_LITERAL_CONVERSION = YES;
				CLANG_WARN_OBJC_ROOT_CLASS = YES_ERROR;
				CLANG_WARN_QUOTED_INCLUDE_IN_FRAMEWORK_HEADER = YES;
				CLANG_WARN_RANGE_LOOP_ANALYSIS = YES;
				CLANG_WARN_STRICT_PROTOTYPES = YES;
				CLANG_WARN_SUSPICIOUS_MOVE = YES;
				CLANG_WARN_UNGUARDED_AVAILABILITY = YES_AGGRESSIVE;
				CLANG_WARN_UNREACHABLE_CODE = YES;
				CLANG_WARN__DUPLICATE_METHOD_MATCH = YES;
				COPY_PHASE_STRIP = NO;
				DEBUG_INFORMATION_FORMAT = dwarf;
				ENABLE_STRICT_OBJC_MSGSEND = YES;
				ENABLE_TESTABILITY = YES;
				GCC_C_LANGUAGE_STANDARD = gnu11;
				GCC_DYNAMIC_NO_PIC = NO;
				GCC_NO_COMMON_BLOCKS = YES;
				GCC_OPTIMIZATION_LEVEL = 0;
				GCC_PREPROCESSOR_DEFINITIONS = (
					"DEBUG=1",
					"$(inherited)",
				);
				GCC_WARN_64_TO_32_BIT_CONVERSION = YES;
				GCC_WARN_ABOUT_RETURN_TYPE = YES_ERROR;
				GCC_WARN_UNDECLARED_SELECTOR = YES;
				GCC_WARN_UNINITIALIZED_AUTOS = YES_AGGRESSIVE;
				GCC_WARN_UNUSED_FUNCTION = YES;
				GCC_WARN_UNUSED_VARIABLE = YES;
				IPHONEOS_DEPLOYMENT_TARGET = 15.4;
				MTL_ENABLE_DEBUG_INFO = INCLUDE_SOURCE;
				MTL_FAST_MATH = YES;
				ONLY_ACTIVE_ARCH = YES;
				SDKROOT = iphoneos;
				SWIFT_ACTIVE_COMPILATION_CONDITIONS = DEBUG;
				SWIFT_OPTIMIZATION_LEVEL = "-Onone";
			};
			name = Debug;
		};
		BF3FAFDA281B90ED00E2FE15 /* Release */ = {
			isa = XCBuildConfiguration;
			buildSettings = {
				ALWAYS_SEARCH_USER_PATHS = NO;
				CLANG_ANALYZER_NONNULL = YES;
				CLANG_ANALYZER_NUMBER_OBJECT_CONVERSION = YES_AGGRESSIVE;
				CLANG_CXX_LANGUAGE_STANDARD = "gnu++17";
				CLANG_ENABLE_MODULES = YES;
				CLANG_ENABLE_OBJC_ARC = YES;
				CLANG_ENABLE_OBJC_WEAK = YES;
				CLANG_WARN_BLOCK_CAPTURE_AUTORELEASING = YES;
				CLANG_WARN_BOOL_CONVERSION = YES;
				CLANG_WARN_COMMA = YES;
				CLANG_WARN_CONSTANT_CONVERSION = YES;
				CLANG_WARN_DEPRECATED_OBJC_IMPLEMENTATIONS = YES;
				CLANG_WARN_DIRECT_OBJC_ISA_USAGE = YES_ERROR;
				CLANG_WARN_DOCUMENTATION_COMMENTS = YES;
				CLANG_WARN_EMPTY_BODY = YES;
				CLANG_WARN_ENUM_CONVERSION = YES;
				CLANG_WARN_INFINITE_RECURSION = YES;
				CLANG_WARN_INT_CONVERSION = YES;
				CLANG_WARN_NON_LITERAL_NULL_CONVERSION = YES;
				CLANG_WARN_OBJC_IMPLICIT_RETAIN_SELF = YES;
				CLANG_WARN_OBJC_LITERAL_CONVERSION = YES;
				CLANG_WARN_OBJC_ROOT_CLASS = YES_ERROR;
				CLANG_WARN_QUOTED_INCLUDE_IN_FRAMEWORK_HEADER = YES;
				CLANG_WARN_RANGE_LOOP_ANALYSIS = YES;
				CLANG_WARN_STRICT_PROTOTYPES = YES;
				CLANG_WARN_SUSPICIOUS_MOVE = YES;
				CLANG_WARN_UNGUARDED_AVAILABILITY = YES_AGGRESSIVE;
				CLANG_WARN_UNREACHABLE_CODE = YES;
				CLANG_WARN__DUPLICATE_METHOD_MATCH = YES;
				COPY_PHASE_STRIP = NO;
				DEBUG_INFORMATION_FORMAT = "dwarf-with-dsym";
				ENABLE_NS_ASSERTIONS = NO;
				ENABLE_STRICT_OBJC_MSGSEND = YES;
				GCC_C_LANGUAGE_STANDARD = gnu11;
				GCC_NO_COMMON_BLOCKS = YES;
				GCC_WARN_64_TO_32_BIT_CONVERSION = YES;
				GCC_WARN_ABOUT_RETURN_TYPE = YES_ERROR;
				GCC_WARN_UNDECLARED_SELECTOR = YES;
				GCC_WARN_UNINITIALIZED_AUTOS = YES_AGGRESSIVE;
				GCC_WARN_UNUSED_FUNCTION = YES;
				GCC_WARN_UNUSED_VARIABLE = YES;
				IPHONEOS_DEPLOYMENT_TARGET = 15.4;
				MTL_ENABLE_DEBUG_INFO = NO;
				MTL_FAST_MATH = YES;
				SDKROOT = iphoneos;
				SWIFT_COMPILATION_MODE = wholemodule;
				SWIFT_OPTIMIZATION_LEVEL = "-O";
				VALIDATE_PRODUCT = YES;
			};
			name = Release;
		};
		BF3FAFDC281B90ED00E2FE15 /* Debug */ = {
			isa = XCBuildConfiguration;
			baseConfigurationReference = 02D0B5F243C7200B75BBF090 /* Pods-GitMarkSample.debug.xcconfig */;
			buildSettings = {
				ASSETCATALOG_COMPILER_APPICON_NAME = AppIcon;
				ASSETCATALOG_COMPILER_GLOBAL_ACCENT_COLOR_NAME = AccentColor;
				CODE_SIGN_STYLE = Automatic;
				CURRENT_PROJECT_VERSION = 1;
				DEVELOPMENT_TEAM = G99VW8TP32;
				GENERATE_INFOPLIST_FILE = YES;
				INFOPLIST_FILE = GitMarkSample/Info.plist;
				INFOPLIST_KEY_UIApplicationSupportsIndirectInputEvents = YES;
				INFOPLIST_KEY_UILaunchStoryboardName = LaunchScreen;
				INFOPLIST_KEY_UIMainStoryboardFile = Main;
				INFOPLIST_KEY_UISupportedInterfaceOrientations_iPad = "UIInterfaceOrientationPortrait UIInterfaceOrientationPortraitUpsideDown UIInterfaceOrientationLandscapeLeft UIInterfaceOrientationLandscapeRight";
				INFOPLIST_KEY_UISupportedInterfaceOrientations_iPhone = "UIInterfaceOrientationPortrait UIInterfaceOrientationLandscapeLeft UIInterfaceOrientationLandscapeRight";
				IPHONEOS_DEPLOYMENT_TARGET = 13.0;
				LD_RUNPATH_SEARCH_PATHS = (
					"$(inherited)",
					"@executable_path/Frameworks",
				);
				MARKETING_VERSION = 1.0;
				PRODUCT_BUNDLE_IDENTIFIER = com.9oya.GitMarkSample;
				PRODUCT_NAME = "$(TARGET_NAME)";
				SWIFT_EMIT_LOC_STRINGS = YES;
				SWIFT_VERSION = 5.0;
				TARGETED_DEVICE_FAMILY = "1,2";
			};
			name = Debug;
		};
		BF3FAFDD281B90ED00E2FE15 /* Release */ = {
			isa = XCBuildConfiguration;
			baseConfigurationReference = 04DBA27191D519D2ABC09870 /* Pods-GitMarkSample.release.xcconfig */;
			buildSettings = {
				ASSETCATALOG_COMPILER_APPICON_NAME = AppIcon;
				ASSETCATALOG_COMPILER_GLOBAL_ACCENT_COLOR_NAME = AccentColor;
				CODE_SIGN_STYLE = Automatic;
				CURRENT_PROJECT_VERSION = 1;
				DEVELOPMENT_TEAM = G99VW8TP32;
				GENERATE_INFOPLIST_FILE = YES;
				INFOPLIST_FILE = GitMarkSample/Info.plist;
				INFOPLIST_KEY_UIApplicationSupportsIndirectInputEvents = YES;
				INFOPLIST_KEY_UILaunchStoryboardName = LaunchScreen;
				INFOPLIST_KEY_UIMainStoryboardFile = Main;
				INFOPLIST_KEY_UISupportedInterfaceOrientations_iPad = "UIInterfaceOrientationPortrait UIInterfaceOrientationPortraitUpsideDown UIInterfaceOrientationLandscapeLeft UIInterfaceOrientationLandscapeRight";
				INFOPLIST_KEY_UISupportedInterfaceOrientations_iPhone = "UIInterfaceOrientationPortrait UIInterfaceOrientationLandscapeLeft UIInterfaceOrientationLandscapeRight";
				IPHONEOS_DEPLOYMENT_TARGET = 13.0;
				LD_RUNPATH_SEARCH_PATHS = (
					"$(inherited)",
					"@executable_path/Frameworks",
				);
				MARKETING_VERSION = 1.0;
				PRODUCT_BUNDLE_IDENTIFIER = com.9oya.GitMarkSample;
				PRODUCT_NAME = "$(TARGET_NAME)";
				SWIFT_EMIT_LOC_STRINGS = YES;
				SWIFT_VERSION = 5.0;
				TARGETED_DEVICE_FAMILY = "1,2";
			};
			name = Release;
		};
		BF3FAFE9281B96B200E2FE15 /* Debug */ = {
			isa = XCBuildConfiguration;
			baseConfigurationReference = 82D92F1B0B3A1CC67CC48782 /* Pods-GitMarkSampleTests.debug.xcconfig */;
			buildSettings = {
				BUNDLE_LOADER = "$(TEST_HOST)";
				CODE_SIGN_STYLE = Automatic;
				CURRENT_PROJECT_VERSION = 1;
				DEVELOPMENT_TEAM = G99VW8TP32;
				GENERATE_INFOPLIST_FILE = YES;
				MARKETING_VERSION = 1.0;
				PRODUCT_BUNDLE_IDENTIFIER = com.9oya.GitMarkSampleTests;
				PRODUCT_NAME = "$(TARGET_NAME)";
				SWIFT_EMIT_LOC_STRINGS = NO;
				SWIFT_VERSION = 5.0;
				TARGETED_DEVICE_FAMILY = "1,2";
				TEST_HOST = "$(BUILT_PRODUCTS_DIR)/GitMarkSample.app/GitMarkSample";
			};
			name = Debug;
		};
		BF3FAFEA281B96B200E2FE15 /* Release */ = {
			isa = XCBuildConfiguration;
			baseConfigurationReference = B8F0BC052E1DB09889E80630 /* Pods-GitMarkSampleTests.release.xcconfig */;
			buildSettings = {
				BUNDLE_LOADER = "$(TEST_HOST)";
				CODE_SIGN_STYLE = Automatic;
				CURRENT_PROJECT_VERSION = 1;
				DEVELOPMENT_TEAM = G99VW8TP32;
				GENERATE_INFOPLIST_FILE = YES;
				MARKETING_VERSION = 1.0;
				PRODUCT_BUNDLE_IDENTIFIER = com.9oya.GitMarkSampleTests;
				PRODUCT_NAME = "$(TARGET_NAME)";
				SWIFT_EMIT_LOC_STRINGS = NO;
				SWIFT_VERSION = 5.0;
				TARGETED_DEVICE_FAMILY = "1,2";
				TEST_HOST = "$(BUILT_PRODUCTS_DIR)/GitMarkSample.app/GitMarkSample";
			};
			name = Release;
		};
/* End XCBuildConfiguration section */

/* Begin XCConfigurationList section */
		BF3FAFC2281B90EB00E2FE15 /* Build configuration list for PBXProject "GitMarkSample" */ = {
			isa = XCConfigurationList;
			buildConfigurations = (
				BF3FAFD9281B90ED00E2FE15 /* Debug */,
				BF3FAFDA281B90ED00E2FE15 /* Release */,
			);
			defaultConfigurationIsVisible = 0;
			defaultConfigurationName = Release;
		};
		BF3FAFDB281B90ED00E2FE15 /* Build configuration list for PBXNativeTarget "GitMarkSample" */ = {
			isa = XCConfigurationList;
			buildConfigurations = (
				BF3FAFDC281B90ED00E2FE15 /* Debug */,
				BF3FAFDD281B90ED00E2FE15 /* Release */,
			);
			defaultConfigurationIsVisible = 0;
			defaultConfigurationName = Release;
		};
		BF3FAFE8281B96B200E2FE15 /* Build configuration list for PBXNativeTarget "GitMarkSampleTests" */ = {
			isa = XCConfigurationList;
			buildConfigurations = (
				BF3FAFE9281B96B200E2FE15 /* Debug */,
				BF3FAFEA281B96B200E2FE15 /* Release */,
			);
			defaultConfigurationIsVisible = 0;
			defaultConfigurationName = Release;
		};
/* End XCConfigurationList section */

/* Begin XCVersionGroup section */
		BF3FB00E281B9D4D00E2FE15 /* GitMarkSample.xcdatamodeld */ = {
			isa = XCVersionGroup;
			children = (
				BF3FB00F281B9D4D00E2FE15 /* GitMarkSample.xcdatamodel */,
			);
			currentVersion = BF3FB00F281B9D4D00E2FE15 /* GitMarkSample.xcdatamodel */;
			path = GitMarkSample.xcdatamodeld;
			sourceTree = "<group>";
			versionGroupType = wrapper.xcdatamodel;
		};
/* End XCVersionGroup section */
	};
	rootObject = BF3FAFBF281B90EB00E2FE15 /* Project object */;
}
