// !$*UTF8*$!
{
	archiveVersion = 1;
	classes = {
	};
	objectVersion = 55;
	objects = {

/* Begin PBXBuildFile section */
		010753CA4D39C33E0D69783B /* Pods_GitMarkSample.framework in Frameworks */ = {isa = PBXBuildFile; fileRef = A560AFC1471D8D013A29059C /* Pods_GitMarkSample.framework */; };
		24D2D72D73475C533581A684 /* Pods_GitMarkSampleTests.framework in Frameworks */ = {isa = PBXBuildFile; fileRef = 3AEBFA116FDFFFC79C83EA19 /* Pods_GitMarkSampleTests.framework */; };
		BF3FAFCB281B90EB00E2FE15 /* AppDelegate.swift in Sources */ = {isa = PBXBuildFile; fileRef = BF3FAFCA281B90EB00E2FE15 /* AppDelegate.swift */; };
		BF3FAFCD281B90EB00E2FE15 /* SceneDelegate.swift in Sources */ = {isa = PBXBuildFile; fileRef = BF3FAFCC281B90EB00E2FE15 /* SceneDelegate.swift */; };
		BF3FAFCF281B90EB00E2FE15 /* ViewController.swift in Sources */ = {isa = PBXBuildFile; fileRef = BF3FAFCE281B90EB00E2FE15 /* ViewController.swift */; };
		BF3FAFD2281B90EB00E2FE15 /* Main.storyboard in Resources */ = {isa = PBXBuildFile; fileRef = BF3FAFD0281B90EB00E2FE15 /* Main.storyboard */; };
		BF3FAFD4281B90ED00E2FE15 /* Assets.xcassets in Resources */ = {isa = PBXBuildFile; fileRef = BF3FAFD3281B90ED00E2FE15 /* Assets.xcassets */; };
		BF3FAFD7281B90ED00E2FE15 /* LaunchScreen.storyboard in Resources */ = {isa = PBXBuildFile; fileRef = BF3FAFD5281B90ED00E2FE15 /* LaunchScreen.storyboard */; };
		BF3FAFE5281B96B200E2FE15 /* GitMarkSampleTests.swift in Sources */ = {isa = PBXBuildFile; fileRef = BF3FAFE4281B96B200E2FE15 /* GitMarkSampleTests.swift */; };
/* End PBXBuildFile section */

/* Begin PBXContainerItemProxy section */
		BF3FAFE6281B96B200E2FE15 /* PBXContainerItemProxy */ = {
			isa = PBXContainerItemProxy;
			containerPortal = BF3FAFBF281B90EB00E2FE15 /* Project object */;
			proxyType = 1;
			remoteGlobalIDString = BF3FAFC6281B90EB00E2FE15;
			remoteInfo = GitMarkSample;
		};
/* End PBXContainerItemProxy section */

/* Begin PBXFileReference section */
		02D0B5F243C7200B75BBF090 /* Pods-GitMarkSample.debug.xcconfig */ = {isa = PBXFileReference; includeInIndex = 1; lastKnownFileType = text.xcconfig; name = "Pods-GitMarkSample.debug.xcconfig"; path = "Target Support Files/Pods-GitMarkSample/Pods-GitMarkSample.debug.xcconfig"; sourceTree = "<group>"; };
		04DBA27191D519D2ABC09870 /* Pods-GitMarkSample.release.xcconfig */ = {isa = PBXFileReference; includeInIndex = 1; lastKnownFileType = text.xcconfig; name = "Pods-GitMarkSample.release.xcconfig"; path = "Target Support Files/Pods-GitMarkSample/Pods-GitMarkSample.release.xcconfig"; sourceTree = "<group>"; };
		3AEBFA116FDFFFC79C83EA19 /* Pods_GitMarkSampleTests.framework */ = {isa = PBXFileReference; explicitFileType = wrapper.framework; includeInIndex = 0; path = Pods_GitMarkSampleTests.framework; sourceTree = BUILT_PRODUCTS_DIR; };
		82D92F1B0B3A1CC67CC48782 /* Pods-GitMarkSampleTests.debug.xcconfig */ = {isa = PBXFileReference; includeInIndex = 1; lastKnownFileType = text.xcconfig; name = "Pods-GitMarkSampleTests.debug.xcconfig"; path = "Target Support Files/Pods-GitMarkSampleTests/Pods-GitMarkSampleTests.debug.xcconfig"; sourceTree = "<group>"; };
		A560AFC1471D8D013A29059C /* Pods_GitMarkSample.framework */ = {isa = PBXFileReference; explicitFileType = wrapper.framework; includeInIndex = 0; path = Pods_GitMarkSample.framework; sourceTree = BUILT_PRODUCTS_DIR; };
		B8F0BC052E1DB09889E80630 /* Pods-GitMarkSampleTests.release.xcconfig */ = {isa = PBXFileReference; includeInIndex = 1; lastKnownFileType = text.xcconfig; name = "Pods-GitMarkSampleTests.release.xcconfig"; path = "Target Support Files/Pods-GitMarkSampleTests/Pods-GitMarkSampleTests.release.xcconfig"; sourceTree = "<group>"; };
		BF3FAFC7281B90EB00E2FE15 /* GitMarkSample.app */ = {isa = PBXFileReference; explicitFileType = wrapper.application; includeInIndex = 0; path = GitMarkSample.app; sourceTree = BUILT_PRODUCTS_DIR; };
		BF3FAFCA281B90EB00E2FE15 /* AppDelegate.swift */ = {isa = PBXFileReference; lastKnownFileType = sourcecode.swift; path = AppDelegate.swift; sourceTree = "<group>"; };
		BF3FAFCC281B90EB00E2FE15 /* SceneDelegate.swift */ = {isa = PBXFileReference; lastKnownFileType = sourcecode.swift; path = SceneDelegate.swift; sourceTree = "<group>"; };
		BF3FAFCE281B90EB00E2FE15 /* ViewController.swift */ = {isa = PBXFileReference; lastKnownFileType = sourcecode.swift; path = ViewController.swift; sourceTree = "<group>"; };
		BF3FAFD1281B90EB00E2FE15 /* Base */ = {isa = PBXFileReference; lastKnownFileType = file.storyboard; name = Base; path = Base.lproj/Main.storyboard; sourceTree = "<group>"; };
		BF3FAFD3281B90ED00E2FE15 /* Assets.xcassets */ = {isa = PBXFileReference; lastKnownFileType = folder.assetcatalog; path = Assets.xcassets; sourceTree = "<group>"; };
		BF3FAFD6281B90ED00E2FE15 /* Base */ = {isa = PBXFileReference; lastKnownFileType = file.storyboard; name = Base; path = Base.lproj/LaunchScreen.storyboard; sourceTree = "<group>"; };
		BF3FAFD8281B90ED00E2FE15 /* Info.plist */ = {isa = PBXFileReference; lastKnownFileType = text.plist.xml; path = Info.plist; sourceTree = "<group>"; };
		BF3FAFE2281B96B200E2FE15 /* GitMarkSampleTests.xctest */ = {isa = PBXFileReference; explicitFileType = wrapper.cfbundle; includeInIndex = 0; path = GitMarkSampleTests.xctest; sourceTree = BUILT_PRODUCTS_DIR; };
		BF3FAFE4281B96B200E2FE15 /* GitMarkSampleTests.swift */ = {isa = PBXFileReference; lastKnownFileType = sourcecode.swift; path = GitMarkSampleTests.swift; sourceTree = "<group>"; };
/* End PBXFileReference section */

/* Begin PBXFrameworksBuildPhase section */
		BF3FAFC4281B90EB00E2FE15 /* Frameworks */ = {
			isa = PBXFrameworksBuildPhase;
			buildActionMask = 2147483647;
			files = (
				010753CA4D39C33E0D69783B /* Pods_GitMarkSample.framework in Frameworks */,
			);
			runOnlyForDeploymentPostprocessing = 0;
		};
		BF3FAFDF281B96B200E2FE15 /* Frameworks */ = {
			isa = PBXFrameworksBuildPhase;
			buildActionMask = 2147483647;
			files = (
				24D2D72D73475C533581A684 /* Pods_GitMarkSampleTests.framework in Frameworks */,
			);
			runOnlyForDeploymentPostprocessing = 0;
		};
/* End PBXFrameworksBuildPhase section */

/* Begin PBXGroup section */
		0BD2DEBFE976BCE30F936C8C /* Pods */ = {
			isa = PBXGroup;
			children = (
				02D0B5F243C7200B75BBF090 /* Pods-GitMarkSample.debug.xcconfig */,
				04DBA27191D519D2ABC09870 /* Pods-GitMarkSample.release.xcconfig */,
				82D92F1B0B3A1CC67CC48782 /* Pods-GitMarkSampleTests.debug.xcconfig */,
				B8F0BC052E1DB09889E80630 /* Pods-GitMarkSampleTests.release.xcconfig */,
			);
			name = Pods;
			path = Pods;
			sourceTree = "<group>";
		};
		BF3FAFBE281B90EB00E2FE15 = {
			isa = PBXGroup;
			children = (
				BF3FAFC9281B90EB00E2FE15 /* GitMarkSample */,
				BF3FAFE3281B96B200E2FE15 /* GitMarkSampleTests */,
				BF3FAFC8281B90EB00E2FE15 /* Products */,
				0BD2DEBFE976BCE30F936C8C /* Pods */,
				F6E28288B31714A13E0F4F44 /* Frameworks */,
			);
			sourceTree = "<group>";
		};
		BF3FAFC8281B90EB00E2FE15 /* Products */ = {
			isa = PBXGroup;
			children = (
				BF3FAFC7281B90EB00E2FE15 /* GitMarkSample.app */,
				BF3FAFE2281B96B200E2FE15 /* GitMarkSampleTests.xctest */,
			);
			name = Products;
			sourceTree = "<group>";
		};
		BF3FAFC9281B90EB00E2FE15 /* GitMarkSample */ = {
			isa = PBXGroup;
			children = (
				BF3FAFCA281B90EB00E2FE15 /* AppDelegate.swift */,
				BF3FAFCC281B90EB00E2FE15 /* SceneDelegate.swift */,
				BF3FAFCE281B90EB00E2FE15 /* ViewController.swift */,
				BF3FAFD0281B90EB00E2FE15 /* Main.storyboard */,
				BF3FAFD3281B90ED00E2FE15 /* Assets.xcassets */,
				BF3FAFD5281B90ED00E2FE15 /* LaunchScreen.storyboard */,
				BF3FAFD8281B90ED00E2FE15 /* Info.plist */,
			);
			path = GitMarkSample;
			sourceTree = "<group>";
		};
		BF3FAFE3281B96B200E2FE15 /* GitMarkSampleTests */ = {
			isa = PBXGroup;
			children = (
				BF3FAFE4281B96B200E2FE15 /* GitMarkSampleTests.swift */,
			);
			path = GitMarkSampleTests;
			sourceTree = "<group>";
		};
		F6E28288B31714A13E0F4F44 /* Frameworks */ = {
			isa = PBXGroup;
			children = (
				A560AFC1471D8D013A29059C /* Pods_GitMarkSample.framework */,
				3AEBFA116FDFFFC79C83EA19 /* Pods_GitMarkSampleTests.framework */,
			);
			name = Frameworks;
			sourceTree = "<group>";
		};
/* End PBXGroup section */

/* Begin PBXNativeTarget section */
		BF3FAFC6281B90EB00E2FE15 /* GitMarkSample */ = {
			isa = PBXNativeTarget;
			buildConfigurationList = BF3FAFDB281B90ED00E2FE15 /* Build configuration list for PBXNativeTarget "GitMarkSample" */;
			buildPhases = (
				0D4642691B2BD1733D21810B /* [CP] Check Pods Manifest.lock */,
				BF3FAFC3281B90EB00E2FE15 /* Sources */,
				BF3FAFC4281B90EB00E2FE15 /* Frameworks */,
				BF3FAFC5281B90EB00E2FE15 /* Resources */,
				F203D6F11A2C7F06830F95C8 /* [CP] Embed Pods Frameworks */,
			);
			buildRules = (
			);
			dependencies = (
			);
			name = GitMarkSample;
			productName = GitMarkSample;
			productReference = BF3FAFC7281B90EB00E2FE15 /* GitMarkSample.app */;
			productType = "com.apple.product-type.application";
		};
		BF3FAFE1281B96B200E2FE15 /* GitMarkSampleTests */ = {
			isa = PBXNativeTarget;
			buildConfigurationList = BF3FAFE8281B96B200E2FE15 /* Build configuration list for PBXNativeTarget "GitMarkSampleTests" */;
			buildPhases = (
				97B18A510259992A280A1061 /* [CP] Check Pods Manifest.lock */,
				BF3FAFDE281B96B200E2FE15 /* Sources */,
				BF3FAFDF281B96B200E2FE15 /* Frameworks */,
				BF3FAFE0281B96B200E2FE15 /* Resources */,
				78696D9DAF03C7CEFC24BCBF /* [CP] Embed Pods Frameworks */,
			);
			buildRules = (
			);
			dependencies = (
				BF3FAFE7281B96B200E2FE15 /* PBXTargetDependency */,
			);
			name = GitMarkSampleTests;
			productName = GitMarkSampleTests;
			productReference = BF3FAFE2281B96B200E2FE15 /* GitMarkSampleTests.xctest */;
			productType = "com.apple.product-type.bundle.unit-test";
		};
/* End PBXNativeTarget section */

/* Begin PBXProject section */
		BF3FAFBF281B90EB00E2FE15 /* Project object */ = {
			isa = PBXProject;
			attributes = {
				BuildIndependentTargetsInParallel = 1;
				LastSwiftUpdateCheck = 1330;
				LastUpgradeCheck = 1330;
				TargetAttributes = {
					BF3FAFC6281B90EB00E2FE15 = {
						CreatedOnToolsVersion = 13.3;
					};
					BF3FAFE1281B96B200E2FE15 = {
						CreatedOnToolsVersion = 13.3;
						TestTargetID = BF3FAFC6281B90EB00E2FE15;
					};
				};
			};
			buildConfigurationList = BF3FAFC2281B90EB00E2FE15 /* Build configuration list for PBXProject "GitMarkSample" */;
			compatibilityVersion = "Xcode 13.0";
			developmentRegion = en;
			hasScannedForEncodings = 0;
			knownRegions = (
				en,
				Base,
			);
			mainGroup = BF3FAFBE281B90EB00E2FE15;
			productRefGroup = BF3FAFC8281B90EB00E2FE15 /* Products */;
			projectDirPath = "";
			projectRoot = "";
			targets = (
				BF3FAFC6281B90EB00E2FE15 /* GitMarkSample */,
				BF3FAFE1281B96B200E2FE15 /* GitMarkSampleTests */,
			);
		};
/* End PBXProject section */

/* Begin PBXResourcesBuildPhase section */
		BF3FAFC5281B90EB00E2FE15 /* Resources */ = {
			isa = PBXResourcesBuildPhase;
			buildActionMask = 2147483647;
			files = (
				BF3FAFD7281B90ED00E2FE15 /* LaunchScreen.storyboard in Resources */,
				BF3FAFD4281B90ED00E2FE15 /* Assets.xcassets in Resources */,
				BF3FAFD2281B90EB00E2FE15 /* Main.storyboard in Resources */,
			);
			runOnlyForDeploymentPostprocessing = 0;
		};
		BF3FAFE0281B96B200E2FE15 /* Resources */ = {
			isa = PBXResourcesBuildPhase;
			buildActionMask = 2147483647;
			files = (
			);
			runOnlyForDeploymentPostprocessing = 0;
		};
/* End PBXResourcesBuildPhase section */

/* Begin PBXShellScriptBuildPhase section */
		0D4642691B2BD1733D21810B /* [CP] Check Pods Manifest.lock */ = {
			isa = PBXShellScriptBuildPhase;
			buildActionMask = 2147483647;
			files = (
			);
			inputFileListPaths = (
			);
			inputPaths = (
				"${PODS_PODFILE_DIR_PATH}/Podfile.lock",
				"${PODS_ROOT}/Manifest.lock",
			);
			name = "[CP] Check Pods Manifest.lock";
			outputFileListPaths = (
			);
			outputPaths = (
				"$(DERIVED_FILE_DIR)/Pods-GitMarkSample-checkManifestLockResult.txt",
			);
			runOnlyForDeploymentPostprocessing = 0;
			shellPath = /bin/sh;
			shellScript = "diff \"${PODS_PODFILE_DIR_PATH}/Podfile.lock\" \"${PODS_ROOT}/Manifest.lock\" > /dev/null\nif [ $? != 0 ] ; then\n    # print error to STDERR\n    echo \"error: The sandbox is not in sync with the Podfile.lock. Run 'pod install' or update your CocoaPods installation.\" >&2\n    exit 1\nfi\n# This output is used by Xcode 'outputs' to avoid re-running this script phase.\necho \"SUCCESS\" > \"${SCRIPT_OUTPUT_FILE_0}\"\n";
			showEnvVarsInLog = 0;
		};
		78696D9DAF03C7CEFC24BCBF /* [CP] Embed Pods Frameworks */ = {
			isa = PBXShellScriptBuildPhase;
			buildActionMask = 2147483647;
			files = (
			);
			inputFileListPaths = (
				"${PODS_ROOT}/Target Support Files/Pods-GitMarkSampleTests/Pods-GitMarkSampleTests-frameworks-${CONFIGURATION}-input-files.xcfilelist",
			);
			name = "[CP] Embed Pods Frameworks";
			outputFileListPaths = (
				"${PODS_ROOT}/Target Support Files/Pods-GitMarkSampleTests/Pods-GitMarkSampleTests-frameworks-${CONFIGURATION}-output-files.xcfilelist",
			);
			runOnlyForDeploymentPostprocessing = 0;
			shellPath = /bin/sh;
			shellScript = "\"${PODS_ROOT}/Target Support Files/Pods-GitMarkSampleTests/Pods-GitMarkSampleTests-frameworks.sh\"\n";
			showEnvVarsInLog = 0;
		};
		97B18A510259992A280A1061 /* [CP] Check Pods Manifest.lock */ = {
			isa = PBXShellScriptBuildPhase;
			buildActionMask = 2147483647;
			files = (
			);
			inputFileListPaths = (
			);
			inputPaths = (
				"${PODS_PODFILE_DIR_PATH}/Podfile.lock",
				"${PODS_ROOT}/Manifest.lock",
			);
			name = "[CP] Check Pods Manifest.lock";
			outputFileListPaths = (
			);
			outputPaths = (
				"$(DERIVED_FILE_DIR)/Pods-GitMarkSampleTests-checkManifestLockResult.txt",
			);
			runOnlyForDeploymentPostprocessing = 0;
			shellPath = /bin/sh;
			shellScript = "diff \"${PODS_PODFILE_DIR_PATH}/Podfile.lock\" \"${PODS_ROOT}/Manifest.lock\" > /dev/null\nif [ $? != 0 ] ; then\n    # print error to STDERR\n    echo \"error: The sandbox is not in sync with the Podfile.lock. Run 'pod install' or update your CocoaPods installation.\" >&2\n    exit 1\nfi\n# This output is used by Xcode 'outputs' to avoid re-running this script phase.\necho \"SUCCESS\" > \"${SCRIPT_OUTPUT_FILE_0}\"\n";
			showEnvVarsInLog = 0;
		};
		F203D6F11A2C7F06830F95C8 /* [CP] Embed Pods Frameworks */ = {
			isa = PBXShellScriptBuildPhase;
			buildActionMask = 2147483647;
			files = (
			);
			inputFileListPaths = (
				"${PODS_ROOT}/Target Support Files/Pods-GitMarkSample/Pods-GitMarkSample-frameworks-${CONFIGURATION}-input-files.xcfilelist",
			);
			name = "[CP] Embed Pods Frameworks";
			outputFileListPaths = (
				"${PODS_ROOT}/Target Support Files/Pods-GitMarkSample/Pods-GitMarkSample-frameworks-${CONFIGURATION}-output-files.xcfilelist",
			);
			runOnlyForDeploymentPostprocessing = 0;
			shellPath = /bin/sh;
			shellScript = "\"${PODS_ROOT}/Target Support Files/Pods-GitMarkSample/Pods-GitMarkSample-frameworks.sh\"\n";
			showEnvVarsInLog = 0;
		};
/* End PBXShellScriptBuildPhase section */

/* Begin PBXSourcesBuildPhase section */
		BF3FAFC3281B90EB00E2FE15 /* Sources */ = {
			isa = PBXSourcesBuildPhase;
			buildActionMask = 2147483647;
			files = (
				BF3FAFCF281B90EB00E2FE15 /* ViewController.swift in Sources */,
				BF3FAFCB281B90EB00E2FE15 /* AppDelegate.swift in Sources */,
				BF3FAFCD281B90EB00E2FE15 /* SceneDelegate.swift in Sources */,
			);
			runOnlyForDeploymentPostprocessing = 0;
		};
		BF3FAFDE281B96B200E2FE15 /* Sources */ = {
			isa = PBXSourcesBuildPhase;
			buildActionMask = 2147483647;
			files = (
				BF3FAFE5281B96B200E2FE15 /* GitMarkSampleTests.swift in Sources */,
			);
			runOnlyForDeploymentPostprocessing = 0;
		};
/* End PBXSourcesBuildPhase section */

/* Begin PBXTargetDependency section */
		BF3FAFE7281B96B200E2FE15 /* PBXTargetDependency */ = {
			isa = PBXTargetDependency;
			target = BF3FAFC6281B90EB00E2FE15 /* GitMarkSample */;
			targetProxy = BF3FAFE6281B96B200E2FE15 /* PBXContainerItemProxy */;
		};
/* End PBXTargetDependency section */

/* Begin PBXVariantGroup section */
		BF3FAFD0281B90EB00E2FE15 /* Main.storyboard */ = {
			isa = PBXVariantGroup;
			children = (
				BF3FAFD1281B90EB00E2FE15 /* Base */,
			);
			name = Main.storyboard;
			sourceTree = "<group>";
		};
		BF3FAFD5281B90ED00E2FE15 /* LaunchScreen.storyboard */ = {
			isa = PBXVariantGroup;
			children = (
				BF3FAFD6281B90ED00E2FE15 /* Base */,
			);
			name = LaunchScreen.storyboard;
			sourceTree = "<group>";
		};
/* End PBXVariantGroup section */

/* Begin XCBuildConfiguration section */
		BF3FAFD9281B90ED00E2FE15 /* Debug */ = {
			isa = XCBuildConfiguration;
			buildSettings = {
				ALWAYS_SEARCH_USER_PATHS = NO;
				CLANG_ANALYZER_NONNULL = YES;
				CLANG_ANALYZER_NUMBER_OBJECT_CONVERSION = YES_AGGRESSIVE;
				CLANG_CXX_LANGUAGE_STANDARD = "gnu++17";
				CLANG_ENABLE_MODULES = YES;
				CLANG_ENABLE_OBJC_ARC = YES;
				CLANG_ENABLE_OBJC_WEAK = YES;
				CLANG_WARN_BLOCK_CAPTURE_AUTORELEASING = YES;
				CLANG_WARN_BOOL_CONVERSION = YES;
				CLANG_WARN_COMMA = YES;
				CLANG_WARN_CONSTANT_CONVERSION = YES;
				CLANG_WARN_DEPRECATED_OBJC_IMPLEMENTATIONS = YES;
				CLANG_WARN_DIRECT_OBJC_ISA_USAGE = YES_ERROR;
				CLANG_WARN_DOCUMENTATION_COMMENTS = YES;
				CLANG_WARN_EMPTY_BODY = YES;
				CLANG_WARN_ENUM_CONVERSION = YES;
				CLANG_WARN_INFINITE_RECURSION = YES;
				CLANG_WARN_INT_CONVERSION = YES;
				CLANG_WARN_NON_LITERAL_NULL_CONVERSION = YES;
				CLANG_WARN_OBJC_IMPLICIT_RETAIN_SELF = YES;
				CLANG_WARN_OBJC_LITERAL_CONVERSION = YES;
				CLANG_WARN_OBJC_ROOT_CLASS = YES_ERROR;
				CLANG_WARN_QUOTED_INCLUDE_IN_FRAMEWORK_HEADER = YES;
				CLANG_WARN_RANGE_LOOP_ANALYSIS = YES;
				CLANG_WARN_STRICT_PROTOTYPES = YES;
				CLANG_WARN_SUSPICIOUS_MOVE = YES;
				CLANG_WARN_UNGUARDED_AVAILABILITY = YES_AGGRESSIVE;
				CLANG_WARN_UNREACHABLE_CODE = YES;
				CLANG_WARN__DUPLICATE_METHOD_MATCH = YES;
				COPY_PHASE_STRIP = NO;
				DEBUG_INFORMATION_FORMAT = dwarf;
				ENABLE_STRICT_OBJC_MSGSEND = YES;
				ENABLE_TESTABILITY = YES;
				GCC_C_LANGUAGE_STANDARD = gnu11;
				GCC_DYNAMIC_NO_PIC = NO;
				GCC_NO_COMMON_BLOCKS = YES;
				GCC_OPTIMIZATION_LEVEL = 0;
				GCC_PREPROCESSOR_DEFINITIONS = (
					"DEBUG=1",
					"$(inherited)",
				);
				GCC_WARN_64_TO_32_BIT_CONVERSION = YES;
				GCC_WARN_ABOUT_RETURN_TYPE = YES_ERROR;
				GCC_WARN_UNDECLARED_SELECTOR = YES;
				GCC_WARN_UNINITIALIZED_AUTOS = YES_AGGRESSIVE;
				GCC_WARN_UNUSED_FUNCTION = YES;
				GCC_WARN_UNUSED_VARIABLE = YES;
				IPHONEOS_DEPLOYMENT_TARGET = 15.4;
				MTL_ENABLE_DEBUG_INFO = INCLUDE_SOURCE;
				MTL_FAST_MATH = YES;
				ONLY_ACTIVE_ARCH = YES;
				SDKROOT = iphoneos;
				SWIFT_ACTIVE_COMPILATION_CONDITIONS = DEBUG;
				SWIFT_OPTIMIZATION_LEVEL = "-Onone";
			};
			name = Debug;
		};
		BF3FAFDA281B90ED00E2FE15 /* Release */ = {
			isa = XCBuildConfiguration;
			buildSettings = {
				ALWAYS_SEARCH_USER_PATHS = NO;
				CLANG_ANALYZER_NONNULL = YES;
				CLANG_ANALYZER_NUMBER_OBJECT_CONVERSION = YES_AGGRESSIVE;
				CLANG_CXX_LANGUAGE_STANDARD = "gnu++17";
				CLANG_ENABLE_MODULES = YES;
				CLANG_ENABLE_OBJC_ARC = YES;
				CLANG_ENABLE_OBJC_WEAK = YES;
				CLANG_WARN_BLOCK_CAPTURE_AUTORELEASING = YES;
				CLANG_WARN_BOOL_CONVERSION = YES;
				CLANG_WARN_COMMA = YES;
				CLANG_WARN_CONSTANT_CONVERSION = YES;
				CLANG_WARN_DEPRECATED_OBJC_IMPLEMENTATIONS = YES;
				CLANG_WARN_DIRECT_OBJC_ISA_USAGE = YES_ERROR;
				CLANG_WARN_DOCUMENTATION_COMMENTS = YES;
				CLANG_WARN_EMPTY_BODY = YES;
				CLANG_WARN_ENUM_CONVERSION = YES;
				CLANG_WARN_INFINITE_RECURSION = YES;
				CLANG_WARN_INT_CONVERSION = YES;
				CLANG_WARN_NON_LITERAL_NULL_CONVERSION = YES;
				CLANG_WARN_OBJC_IMPLICIT_RETAIN_SELF = YES;
				CLANG_WARN_OBJC_LITERAL_CONVERSION = YES;
				CLANG_WARN_OBJC_ROOT_CLASS = YES_ERROR;
				CLANG_WARN_QUOTED_INCLUDE_IN_FRAMEWORK_HEADER = YES;
				CLANG_WARN_RANGE_LOOP_ANALYSIS = YES;
				CLANG_WARN_STRICT_PROTOTYPES = YES;
				CLANG_WARN_SUSPICIOUS_MOVE = YES;
				CLANG_WARN_UNGUARDED_AVAILABILITY = YES_AGGRESSIVE;
				CLANG_WARN_UNREACHABLE_CODE = YES;
				CLANG_WARN__DUPLICATE_METHOD_MATCH = YES;
				COPY_PHASE_STRIP = NO;
				DEBUG_INFORMATION_FORMAT = "dwarf-with-dsym";
				ENABLE_NS_ASSERTIONS = NO;
				ENABLE_STRICT_OBJC_MSGSEND = YES;
				GCC_C_LANGUAGE_STANDARD = gnu11;
				GCC_NO_COMMON_BLOCKS = YES;
				GCC_WARN_64_TO_32_BIT_CONVERSION = YES;
				GCC_WARN_ABOUT_RETURN_TYPE = YES_ERROR;
				GCC_WARN_UNDECLARED_SELECTOR = YES;
				GCC_WARN_UNINITIALIZED_AUTOS = YES_AGGRESSIVE;
				GCC_WARN_UNUSED_FUNCTION = YES;
				GCC_WARN_UNUSED_VARIABLE = YES;
				IPHONEOS_DEPLOYMENT_TARGET = 15.4;
				MTL_ENABLE_DEBUG_INFO = NO;
				MTL_FAST_MATH = YES;
				SDKROOT = iphoneos;
				SWIFT_COMPILATION_MODE = wholemodule;
				SWIFT_OPTIMIZATION_LEVEL = "-O";
				VALIDATE_PRODUCT = YES;
			};
			name = Release;
		};
		BF3FAFDC281B90ED00E2FE15 /* Debug */ = {
			isa = XCBuildConfiguration;
			baseConfigurationReference = 02D0B5F243C7200B75BBF090 /* Pods-GitMarkSample.debug.xcconfig */;
			buildSettings = {
				ASSETCATALOG_COMPILER_APPICON_NAME = AppIcon;
				ASSETCATALOG_COMPILER_GLOBAL_ACCENT_COLOR_NAME = AccentColor;
				CODE_SIGN_STYLE = Automatic;
				CURRENT_PROJECT_VERSION = 1;
				DEVELOPMENT_TEAM = G99VW8TP32;
				GENERATE_INFOPLIST_FILE = YES;
				INFOPLIST_FILE = GitMarkSample/Info.plist;
				INFOPLIST_KEY_UIApplicationSupportsIndirectInputEvents = YES;
				INFOPLIST_KEY_UILaunchStoryboardName = LaunchScreen;
				INFOPLIST_KEY_UIMainStoryboardFile = Main;
				INFOPLIST_KEY_UISupportedInterfaceOrientations_iPad = "UIInterfaceOrientationPortrait UIInterfaceOrientationPortraitUpsideDown UIInterfaceOrientationLandscapeLeft UIInterfaceOrientationLandscapeRight";
				INFOPLIST_KEY_UISupportedInterfaceOrientations_iPhone = "UIInterfaceOrientationPortrait UIInterfaceOrientationLandscapeLeft UIInterfaceOrientationLandscapeRight";
				LD_RUNPATH_SEARCH_PATHS = (
					"$(inherited)",
					"@executable_path/Frameworks",
				);
				MARKETING_VERSION = 1.0;
				PRODUCT_BUNDLE_IDENTIFIER = com.9oya.GitMarkSample;
				PRODUCT_NAME = "$(TARGET_NAME)";
				SWIFT_EMIT_LOC_STRINGS = YES;
				SWIFT_VERSION = 5.0;
				TARGETED_DEVICE_FAMILY = "1,2";
			};
			name = Debug;
		};
		BF3FAFDD281B90ED00E2FE15 /* Release */ = {
			isa = XCBuildConfiguration;
			baseConfigurationReference = 04DBA27191D519D2ABC09870 /* Pods-GitMarkSample.release.xcconfig */;
			buildSettings = {
				ASSETCATALOG_COMPILER_APPICON_NAME = AppIcon;
				ASSETCATALOG_COMPILER_GLOBAL_ACCENT_COLOR_NAME = AccentColor;
				CODE_SIGN_STYLE = Automatic;
				CURRENT_PROJECT_VERSION = 1;
				DEVELOPMENT_TEAM = G99VW8TP32;
				GENERATE_INFOPLIST_FILE = YES;
				INFOPLIST_FILE = GitMarkSample/Info.plist;
				INFOPLIST_KEY_UIApplicationSupportsIndirectInputEvents = YES;
				INFOPLIST_KEY_UILaunchStoryboardName = LaunchScreen;
				INFOPLIST_KEY_UIMainStoryboardFile = Main;
				INFOPLIST_KEY_UISupportedInterfaceOrientations_iPad = "UIInterfaceOrientationPortrait UIInterfaceOrientationPortraitUpsideDown UIInterfaceOrientationLandscapeLeft UIInterfaceOrientationLandscapeRight";
				INFOPLIST_KEY_UISupportedInterfaceOrientations_iPhone = "UIInterfaceOrientationPortrait UIInterfaceOrientationLandscapeLeft UIInterfaceOrientationLandscapeRight";
				LD_RUNPATH_SEARCH_PATHS = (
					"$(inherited)",
					"@executable_path/Frameworks",
				);
				MARKETING_VERSION = 1.0;
				PRODUCT_BUNDLE_IDENTIFIER = com.9oya.GitMarkSample;
				PRODUCT_NAME = "$(TARGET_NAME)";
				SWIFT_EMIT_LOC_STRINGS = YES;
				SWIFT_VERSION = 5.0;
				TARGETED_DEVICE_FAMILY = "1,2";
			};
			name = Release;
		};
		BF3FAFE9281B96B200E2FE15 /* Debug */ = {
			isa = XCBuildConfiguration;
			baseConfigurationReference = 82D92F1B0B3A1CC67CC48782 /* Pods-GitMarkSampleTests.debug.xcconfig */;
			buildSettings = {
				BUNDLE_LOADER = "$(TEST_HOST)";
				CODE_SIGN_STYLE = Automatic;
				CURRENT_PROJECT_VERSION = 1;
				DEVELOPMENT_TEAM = G99VW8TP32;
				GENERATE_INFOPLIST_FILE = YES;
				MARKETING_VERSION = 1.0;
				PRODUCT_BUNDLE_IDENTIFIER = com.9oya.GitMarkSampleTests;
				PRODUCT_NAME = "$(TARGET_NAME)";
				SWIFT_EMIT_LOC_STRINGS = NO;
				SWIFT_VERSION = 5.0;
				TARGETED_DEVICE_FAMILY = "1,2";
				TEST_HOST = "$(BUILT_PRODUCTS_DIR)/GitMarkSample.app/GitMarkSample";
			};
			name = Debug;
		};
		BF3FAFEA281B96B200E2FE15 /* Release */ = {
			isa = XCBuildConfiguration;
			baseConfigurationReference = B8F0BC052E1DB09889E80630 /* Pods-GitMarkSampleTests.release.xcconfig */;
			buildSettings = {
				BUNDLE_LOADER = "$(TEST_HOST)";
				CODE_SIGN_STYLE = Automatic;
				CURRENT_PROJECT_VERSION = 1;
				DEVELOPMENT_TEAM = G99VW8TP32;
				GENERATE_INFOPLIST_FILE = YES;
				MARKETING_VERSION = 1.0;
				PRODUCT_BUNDLE_IDENTIFIER = com.9oya.GitMarkSampleTests;
				PRODUCT_NAME = "$(TARGET_NAME)";
				SWIFT_EMIT_LOC_STRINGS = NO;
				SWIFT_VERSION = 5.0;
				TARGETED_DEVICE_FAMILY = "1,2";
				TEST_HOST = "$(BUILT_PRODUCTS_DIR)/GitMarkSample.app/GitMarkSample";
			};
			name = Release;
		};
/* End XCBuildConfiguration section */

/* Begin XCConfigurationList section */
		BF3FAFC2281B90EB00E2FE15 /* Build configuration list for PBXProject "GitMarkSample" */ = {
			isa = XCConfigurationList;
			buildConfigurations = (
				BF3FAFD9281B90ED00E2FE15 /* Debug */,
				BF3FAFDA281B90ED00E2FE15 /* Release */,
			);
			defaultConfigurationIsVisible = 0;
			defaultConfigurationName = Release;
		};
		BF3FAFDB281B90ED00E2FE15 /* Build configuration list for PBXNativeTarget "GitMarkSample" */ = {
			isa = XCConfigurationList;
			buildConfigurations = (
				BF3FAFDC281B90ED00E2FE15 /* Debug */,
				BF3FAFDD281B90ED00E2FE15 /* Release */,
			);
			defaultConfigurationIsVisible = 0;
			defaultConfigurationName = Release;
		};
		BF3FAFE8281B96B200E2FE15 /* Build configuration list for PBXNativeTarget "GitMarkSampleTests" */ = {
			isa = XCConfigurationList;
			buildConfigurations = (
				BF3FAFE9281B96B200E2FE15 /* Debug */,
				BF3FAFEA281B96B200E2FE15 /* Release */,
			);
			defaultConfigurationIsVisible = 0;
			defaultConfigurationName = Release;
		};
/* End XCConfigurationList section */
	};
	rootObject = BF3FAFBF281B90EB00E2FE15 /* Project object */;
}
